
Microsoft Visual Studio Solution File, Format Version 12.00
# Visual Studio Version 17
VisualStudioVersion = 17.4.33213.308
MinimumVisualStudioVersion = 10.0.40219.1
Project("{FAE04EC0-301F-11D3-BF4B-00C04F79EFBC}") = "CustomizingCarousel.Server", "Server\CustomizingCarousel.Server.csproj", "{9BAA3348-2D41-49C4-A08E-3F2156A7716A}"
EndProject
Project("{FAE04EC0-301F-11D3-BF4B-00C04F79EFBC}") = "CustomizingCarousel.Client", "Client\CustomizingCarousel.Client.csproj", "{3F8CF858-DDA9-48F3-A517-BD5EDD7A1A1D}"
EndProject
Project("{FAE04EC0-301F-11D3-BF4B-00C04F79EFBC}") = "CustomizingCarousel.Shared", "Shared\CustomizingCarousel.Shared.csproj", "{CF2FAC41-23CA-41DF-B09A-C5284AF9AE8D}"
EndProject
Global
	GlobalSection(SolutionConfigurationPlatforms) = preSolution
		Debug|Any CPU = Debug|Any CPU
		Release|Any CPU = Release|Any CPU
	EndGlobalSection
	GlobalSection(ProjectConfigurationPlatforms) = postSolution
		{9BAA3348-2D41-49C4-A08E-3F2156A7716A}.Debug|Any CPU.ActiveCfg = Debug|Any CPU
		{9BAA3348-2D41-49C4-A08E-3F2156A7716A}.Debug|Any CPU.Build.0 = Debug|Any CPU
		{9BAA3348-2D41-49C4-A08E-3F2156A7716A}.Release|Any CPU.ActiveCfg = Release|Any CPU
		{9BAA3348-2D41-49C4-A08E-3F2156A7716A}.Release|Any CPU.Build.0 = Release|Any CPU
		{3F8CF858-DDA9-48F3-A517-BD5EDD7A1A1D}.Debug|Any CPU.ActiveCfg = Debug|Any CPU
		{3F8CF858-DDA9-48F3-A517-BD5EDD7A1A1D}.Debug|Any CPU.Build.0 = Debug|Any CPU
		{3F8CF858-DDA9-48F3-A517-BD5EDD7A1A1D}.Release|Any CPU.ActiveCfg = Release|Any CPU
		{3F8CF858-DDA9-48F3-A517-BD5EDD7A1A1D}.Release|Any CPU.Build.0 = Release|Any CPU
		{CF2FAC41-23CA-41DF-B09A-C5284AF9AE8D}.Debug|Any CPU.ActiveCfg = Debug|Any CPU
		{CF2FAC41-23CA-41DF-B09A-C5284AF9AE8D}.Debug|Any CPU.Build.0 = Debug|Any CPU
		{CF2FAC41-23CA-41DF-B09A-C5284AF9AE8D}.Release|Any CPU.ActiveCfg = Release|Any CPU
		{CF2FAC41-23CA-41DF-B09A-C5284AF9AE8D}.Release|Any CPU.Build.0 = Release|Any CPU
	EndGlobalSection
	GlobalSection(SolutionProperties) = preSolution
		HideSolutionNode = FALSE
	EndGlobalSection
	GlobalSection(ExtensibilityGlobals) = postSolution
		SolutionGuid = {F577FEB1-1235-41D2-B6D5-0D547B631958}
	EndGlobalSection
EndGlobal
